
Microsoft Visual Studio Solution File, Format Version 12.00
# Visual Studio Version 16
VisualStudioVersion = 16.0.33130.400
MinimumVisualStudioVersion = 10.0.40219.1
Project("{FAE04EC0-301F-11D3-BF4B-00C04F79EFBC}") = "AsynPrg", "AsynPrg\AsynPrg.csproj", "{A49B64E7-B375-48AF-9027-78DC003F37D8}"
EndProject
Global
	GlobalSection(SolutionConfigurationPlatforms) = preSolution
		Debug|Any CPU = Debug|Any CPU
		Release|Any CPU = Release|Any CPU
	EndGlobalSection
	GlobalSection(ProjectConfigurationPlatforms) = postSolution
		{A49B64E7-B375-48AF-9027-78DC003F37D8}.Debug|Any CPU.ActiveCfg = Debug|Any CPU
		{A49B64E7-B375-48AF-9027-78DC003F37D8}.Debug|Any CPU.Build.0 = Debug|Any CPU
		{A49B64E7-B375-48AF-9027-78DC003F37D8}.Release|Any CPU.ActiveCfg = Release|Any CPU
		{A49B64E7-B375-48AF-9027-78DC003F37D8}.Release|Any CPU.Build.0 = Release|Any CPU
	EndGlobalSection
	GlobalSection(SolutionProperties) = preSolution
		HideSolutionNode = FALSE
	EndGlobalSection
	GlobalSection(ExtensibilityGlobals) = postSolution
		SolutionGuid = {ED9959C8-D76F-4FAF-9CD7-08C012C97EB2}
	EndGlobalSection
EndGlobal
